
Microsoft Visual Studio Solution File, Format Version 12.00
# Visual Studio Version 16
VisualStudioVersion = 16.0.29709.97
MinimumVisualStudioVersion = 10.0.40219.1
Project("{FAE04EC0-301F-11D3-BF4B-00C04F79EFBC}") = "Competion Game (Farming Sim)", "Competion Game (Farming Sim)\Competion Game (Farming Sim).csproj", "{483DEC6C-766E-4DAD-AD40-5F54304BDB50}"
EndProject
Global
	GlobalSection(SolutionConfigurationPlatforms) = preSolution
		Debug|Any CPU = Debug|Any CPU
		Release|Any CPU = Release|Any CPU
	EndGlobalSection
	GlobalSection(ProjectConfigurationPlatforms) = postSolution
		{483DEC6C-766E-4DAD-AD40-5F54304BDB50}.Debug|Any CPU.ActiveCfg = Debug|Any CPU
		{483DEC6C-766E-4DAD-AD40-5F54304BDB50}.Debug|Any CPU.Build.0 = Debug|Any CPU
		{483DEC6C-766E-4DAD-AD40-5F54304BDB50}.Release|Any CPU.ActiveCfg = Release|Any CPU
		{483DEC6C-766E-4DAD-AD40-5F54304BDB50}.Release|Any CPU.Build.0 = Release|Any CPU
	EndGlobalSection
	GlobalSection(SolutionProperties) = preSolution
		HideSolutionNode = FALSE
	EndGlobalSection
	GlobalSection(ExtensibilityGlobals) = postSolution
		SolutionGuid = {7D0364B3-59D0-4B45-9E3C-D71CE544C2CC}
	EndGlobalSection
EndGlobal
